
Microsoft Visual Studio Solution File, Format Version 12.00
# Visual Studio 15
VisualStudioVersion = 15.0.27705.2000
MinimumVisualStudioVersion = 10.0.40219.1
Project("{FAE04EC0-301F-11D3-BF4B-00C04F79EFBC}") = "ClientApp", "ClientApp\ClientApp.csproj", "{89693A47-5E31-442B-9811-A4ABAD5E5E23}"
EndProject
Project("{FAE04EC0-301F-11D3-BF4B-00C04F79EFBC}") = "APIService", "APIService\APIService.csproj", "{89B5D5C3-F075-4C29-80D8-06AEC8BDD0FF}"
EndProject
Global
	GlobalSection(SolutionConfigurationPlatforms) = preSolution
		Debug|Any CPU = Debug|Any CPU
		Release|Any CPU = Release|Any CPU
	EndGlobalSection
	GlobalSection(ProjectConfigurationPlatforms) = postSolution
		{89693A47-5E31-442B-9811-A4ABAD5E5E23}.Debug|Any CPU.ActiveCfg = Debug|Any CPU
		{89693A47-5E31-442B-9811-A4ABAD5E5E23}.Debug|Any CPU.Build.0 = Debug|Any CPU
		{89693A47-5E31-442B-9811-A4ABAD5E5E23}.Release|Any CPU.ActiveCfg = Release|Any CPU
		{89693A47-5E31-442B-9811-A4ABAD5E5E23}.Release|Any CPU.Build.0 = Release|Any CPU
		{89B5D5C3-F075-4C29-80D8-06AEC8BDD0FF}.Debug|Any CPU.ActiveCfg = Debug|Any CPU
		{89B5D5C3-F075-4C29-80D8-06AEC8BDD0FF}.Debug|Any CPU.Build.0 = Debug|Any CPU
		{89B5D5C3-F075-4C29-80D8-06AEC8BDD0FF}.Release|Any CPU.ActiveCfg = Release|Any CPU
		{89B5D5C3-F075-4C29-80D8-06AEC8BDD0FF}.Release|Any CPU.Build.0 = Release|Any CPU
	EndGlobalSection
	GlobalSection(SolutionProperties) = preSolution
		HideSolutionNode = FALSE
	EndGlobalSection
	GlobalSection(ExtensibilityGlobals) = postSolution
		SolutionGuid = {0780D7BF-A5E9-48C5-B0CF-CA2C79EFE69A}
	EndGlobalSection
EndGlobal
